// !$*UTF8*$!
{
	archiveVersion = 1;
	classes = {
	};
	objectVersion = 55;
	objects = {

/* Begin PBXBuildFile section */
		4731FD83287EDAE80070F426 /* LBWebViewController.swift in Sources */ = {isa = PBXBuildFile; fileRef = 4731FD82287EDAE80070F426 /* LBWebViewController.swift */; };
		4760B41C287BB37300C79080 /* DingYue.plist in Resources */ = {isa = PBXBuildFile; fileRef = 4760B41B287BB37300C79080 /* DingYue.plist */; };
		47FF2CFC28755C8C00437080 /* AppDelegate.swift in Sources */ = {isa = PBXBuildFile; fileRef = 47FF2CFB28755C8C00437080 /* AppDelegate.swift */; };
		47FF2D0028755C8C00437080 /* ViewController.swift in Sources */ = {isa = PBXBuildFile; fileRef = 47FF2CFF28755C8C00437080 /* ViewController.swift */; };
		47FF2D0328755C8C00437080 /* Main.storyboard in Resources */ = {isa = PBXBuildFile; fileRef = 47FF2D0128755C8C00437080 /* Main.storyboard */; };
		47FF2D0528755C8D00437080 /* Assets.xcassets in Resources */ = {isa = PBXBuildFile; fileRef = 47FF2D0428755C8D00437080 /* Assets.xcassets */; };
		47FF2D0828755C8D00437080 /* LaunchScreen.storyboard in Resources */ = {isa = PBXBuildFile; fileRef = 47FF2D0628755C8D00437080 /* LaunchScreen.storyboard */; };
		A4FDE94581BF5CAC5F97651A /* Pods_DYSwiftApp.framework in Frameworks */ = {isa = PBXBuildFile; fileRef = CC9792C6624ABEF4F4A705A6 /* Pods_DYSwiftApp.framework */; };
/* End PBXBuildFile section */

/* Begin PBXFileReference section */
		4731FD82287EDAE80070F426 /* LBWebViewController.swift */ = {isa = PBXFileReference; fileEncoding = 4; lastKnownFileType = sourcecode.swift; path = LBWebViewController.swift; sourceTree = "<group>"; };
		4760B41B287BB37300C79080 /* DingYue.plist */ = {isa = PBXFileReference; fileEncoding = 4; lastKnownFileType = text.plist.xml; path = DingYue.plist; sourceTree = "<group>"; };
		47FF2CF828755C8C00437080 /* DYSwiftApp.app */ = {isa = PBXFileReference; explicitFileType = wrapper.application; includeInIndex = 0; path = DYSwiftApp.app; sourceTree = BUILT_PRODUCTS_DIR; };
		47FF2CFB28755C8C00437080 /* AppDelegate.swift */ = {isa = PBXFileReference; lastKnownFileType = sourcecode.swift; path = AppDelegate.swift; sourceTree = "<group>"; };
		47FF2CFF28755C8C00437080 /* ViewController.swift */ = {isa = PBXFileReference; lastKnownFileType = sourcecode.swift; path = ViewController.swift; sourceTree = "<group>"; };
		47FF2D0228755C8C00437080 /* Base */ = {isa = PBXFileReference; lastKnownFileType = file.storyboard; name = Base; path = Base.lproj/Main.storyboard; sourceTree = "<group>"; };
		47FF2D0428755C8D00437080 /* Assets.xcassets */ = {isa = PBXFileReference; lastKnownFileType = folder.assetcatalog; path = Assets.xcassets; sourceTree = "<group>"; };
		47FF2D0728755C8D00437080 /* Base */ = {isa = PBXFileReference; lastKnownFileType = file.storyboard; name = Base; path = Base.lproj/LaunchScreen.storyboard; sourceTree = "<group>"; };
		47FF2D0928755C8D00437080 /* Info.plist */ = {isa = PBXFileReference; lastKnownFileType = text.plist.xml; path = Info.plist; sourceTree = "<group>"; };
		9C4EA7503AE98B82B0D832F1 /* Pods-DYSwiftApp.release.xcconfig */ = {isa = PBXFileReference; includeInIndex = 1; lastKnownFileType = text.xcconfig; name = "Pods-DYSwiftApp.release.xcconfig"; path = "Target Support Files/Pods-DYSwiftApp/Pods-DYSwiftApp.release.xcconfig"; sourceTree = "<group>"; };
		CB3763D8925975D4D844C88F /* Pods-DYSwiftApp.debug.xcconfig */ = {isa = PBXFileReference; includeInIndex = 1; lastKnownFileType = text.xcconfig; name = "Pods-DYSwiftApp.debug.xcconfig"; path = "Target Support Files/Pods-DYSwiftApp/Pods-DYSwiftApp.debug.xcconfig"; sourceTree = "<group>"; };
		CC9792C6624ABEF4F4A705A6 /* Pods_DYSwiftApp.framework */ = {isa = PBXFileReference; explicitFileType = wrapper.framework; includeInIndex = 0; path = Pods_DYSwiftApp.framework; sourceTree = BUILT_PRODUCTS_DIR; };
/* End PBXFileReference section */

/* Begin PBXFrameworksBuildPhase section */
		47FF2CF528755C8C00437080 /* Frameworks */ = {
			isa = PBXFrameworksBuildPhase;
			buildActionMask = 2147483647;
			files = (
				A4FDE94581BF5CAC5F97651A /* Pods_DYSwiftApp.framework in Frameworks */,
			);
			runOnlyForDeploymentPostprocessing = 0;
		};
/* End PBXFrameworksBuildPhase section */

/* Begin PBXGroup section */
		47FF2CEF28755C8C00437080 = {
			isa = PBXGroup;
			children = (
				47FF2CFA28755C8C00437080 /* DYSwiftApp */,
				47FF2CF928755C8C00437080 /* Products */,
				500FD68AF657AB742A855788 /* Pods */,
				C28A7BA7A6F0967D8F93AD6C /* Frameworks */,
			);
			sourceTree = "<group>";
		};
		47FF2CF928755C8C00437080 /* Products */ = {
			isa = PBXGroup;
			children = (
				47FF2CF828755C8C00437080 /* DYSwiftApp.app */,
			);
			name = Products;
			sourceTree = "<group>";
		};
		47FF2CFA28755C8C00437080 /* DYSwiftApp */ = {
			isa = PBXGroup;
			children = (
				47FF2CFB28755C8C00437080 /* AppDelegate.swift */,
				4731FD82287EDAE80070F426 /* LBWebViewController.swift */,
				47FF2CFF28755C8C00437080 /* ViewController.swift */,
				47FF2D0128755C8C00437080 /* Main.storyboard */,
				47FF2D0428755C8D00437080 /* Assets.xcassets */,
				47FF2D0628755C8D00437080 /* LaunchScreen.storyboard */,
				4760B41B287BB37300C79080 /* DingYue.plist */,
				47FF2D0928755C8D00437080 /* Info.plist */,
			);
			path = DYSwiftApp;
			sourceTree = "<group>";
		};
		500FD68AF657AB742A855788 /* Pods */ = {
			isa = PBXGroup;
			children = (
				CB3763D8925975D4D844C88F /* Pods-DYSwiftApp.debug.xcconfig */,
				9C4EA7503AE98B82B0D832F1 /* Pods-DYSwiftApp.release.xcconfig */,
			);
			path = Pods;
			sourceTree = "<group>";
		};
		C28A7BA7A6F0967D8F93AD6C /* Frameworks */ = {
			isa = PBXGroup;
			children = (
				CC9792C6624ABEF4F4A705A6 /* Pods_DYSwiftApp.framework */,
			);
			name = Frameworks;
			sourceTree = "<group>";
		};
/* End PBXGroup section */

/* Begin PBXNativeTarget section */
		47FF2CF728755C8C00437080 /* DYSwiftApp */ = {
			isa = PBXNativeTarget;
			buildConfigurationList = 47FF2D0C28755C8D00437080 /* Build configuration list for PBXNativeTarget "DYSwiftApp" */;
			buildPhases = (
				89DE08A63CD4D5478BA508D0 /* [CP] Check Pods Manifest.lock */,
				47FF2CF428755C8C00437080 /* Sources */,
				47FF2CF528755C8C00437080 /* Frameworks */,
				47FF2CF628755C8C00437080 /* Resources */,
				943B069BAEF5B05B054FCFBD /* [CP] Embed Pods Frameworks */,
			);
			buildRules = (
			);
			dependencies = (
			);
			name = DYSwiftApp;
			productName = DYSwiftApp;
			productReference = 47FF2CF828755C8C00437080 /* DYSwiftApp.app */;
			productType = "com.apple.product-type.application";
		};
/* End PBXNativeTarget section */

/* Begin PBXProject section */
		47FF2CF028755C8C00437080 /* Project object */ = {
			isa = PBXProject;
			attributes = {
				BuildIndependentTargetsInParallel = 1;
				LastSwiftUpdateCheck = 1330;
				LastUpgradeCheck = 1330;
				TargetAttributes = {
					47FF2CF728755C8C00437080 = {
						CreatedOnToolsVersion = 13.3;
					};
				};
			};
			buildConfigurationList = 47FF2CF328755C8C00437080 /* Build configuration list for PBXProject "DYSwiftApp" */;
			compatibilityVersion = "Xcode 13.0";
			developmentRegion = en;
			hasScannedForEncodings = 0;
			knownRegions = (
				en,
				Base,
			);
			mainGroup = 47FF2CEF28755C8C00437080;
			productRefGroup = 47FF2CF928755C8C00437080 /* Products */;
			projectDirPath = "";
			projectRoot = "";
			targets = (
				47FF2CF728755C8C00437080 /* DYSwiftApp */,
			);
		};
/* End PBXProject section */

/* Begin PBXResourcesBuildPhase section */
		47FF2CF628755C8C00437080 /* Resources */ = {
			isa = PBXResourcesBuildPhase;
			buildActionMask = 2147483647;
			files = (
				47FF2D0828755C8D00437080 /* LaunchScreen.storyboard in Resources */,
				47FF2D0528755C8D00437080 /* Assets.xcassets in Resources */,
				4760B41C287BB37300C79080 /* DingYue.plist in Resources */,
				47FF2D0328755C8C00437080 /* Main.storyboard in Resources */,
			);
			runOnlyForDeploymentPostprocessing = 0;
		};
/* End PBXResourcesBuildPhase section */

/* Begin PBXShellScriptBuildPhase section */
		89DE08A63CD4D5478BA508D0 /* [CP] Check Pods Manifest.lock */ = {
			isa = PBXShellScriptBuildPhase;
			buildActionMask = 2147483647;
			files = (
			);
			inputFileListPaths = (
			);
			inputPaths = (
				"${PODS_PODFILE_DIR_PATH}/Podfile.lock",
				"${PODS_ROOT}/Manifest.lock",
			);
			name = "[CP] Check Pods Manifest.lock";
			outputFileListPaths = (
			);
			outputPaths = (
				"$(DERIVED_FILE_DIR)/Pods-DYSwiftApp-checkManifestLockResult.txt",
			);
			runOnlyForDeploymentPostprocessing = 0;
			shellPath = /bin/sh;
			shellScript = "diff \"${PODS_PODFILE_DIR_PATH}/Podfile.lock\" \"${PODS_ROOT}/Manifest.lock\" > /dev/null\nif [ $? != 0 ] ; then\n    # print error to STDERR\n    echo \"error: The sandbox is not in sync with the Podfile.lock. Run 'pod install' or update your CocoaPods installation.\" >&2\n    exit 1\nfi\n# This output is used by Xcode 'outputs' to avoid re-running this script phase.\necho \"SUCCESS\" > \"${SCRIPT_OUTPUT_FILE_0}\"\n";
			showEnvVarsInLog = 0;
		};
		943B069BAEF5B05B054FCFBD /* [CP] Embed Pods Frameworks */ = {
			isa = PBXShellScriptBuildPhase;
			buildActionMask = 2147483647;
			files = (
			);
			inputFileListPaths = (
				"${PODS_ROOT}/Target Support Files/Pods-DYSwiftApp/Pods-DYSwiftApp-frameworks-${CONFIGURATION}-input-files.xcfilelist",
			);
			name = "[CP] Embed Pods Frameworks";
			outputFileListPaths = (
				"${PODS_ROOT}/Target Support Files/Pods-DYSwiftApp/Pods-DYSwiftApp-frameworks-${CONFIGURATION}-output-files.xcfilelist",
			);
			runOnlyForDeploymentPostprocessing = 0;
			shellPath = /bin/sh;
			shellScript = "\"${PODS_ROOT}/Target Support Files/Pods-DYSwiftApp/Pods-DYSwiftApp-frameworks.sh\"\n";
			showEnvVarsInLog = 0;
		};
/* End PBXShellScriptBuildPhase section */

/* Begin PBXSourcesBuildPhase section */
		47FF2CF428755C8C00437080 /* Sources */ = {
			isa = PBXSourcesBuildPhase;
			buildActionMask = 2147483647;
			files = (
				47FF2D0028755C8C00437080 /* ViewController.swift in Sources */,
				4731FD83287EDAE80070F426 /* LBWebViewController.swift in Sources */,
				47FF2CFC28755C8C00437080 /* AppDelegate.swift in Sources */,
			);
			runOnlyForDeploymentPostprocessing = 0;
		};
/* End PBXSourcesBuildPhase section */

/* Begin PBXVariantGroup section */
		47FF2D0128755C8C00437080 /* Main.storyboard */ = {
			isa = PBXVariantGroup;
			children = (
				47FF2D0228755C8C00437080 /* Base */,
			);
			name = Main.storyboard;
			sourceTree = "<group>";
		};
		47FF2D0628755C8D00437080 /* LaunchScreen.storyboard */ = {
			isa = PBXVariantGroup;
			children = (
				47FF2D0728755C8D00437080 /* Base */,
			);
			name = LaunchScreen.storyboard;
			sourceTree = "<group>";
		};
/* End PBXVariantGroup section */

/* Begin XCBuildConfiguration section */
		47FF2D0A28755C8D00437080 /* Debug */ = {
			isa = XCBuildConfiguration;
			buildSettings = {
				ALWAYS_SEARCH_USER_PATHS = NO;
				CLANG_ANALYZER_NONNULL = YES;
				CLANG_ANALYZER_NUMBER_OBJECT_CONVERSION = YES_AGGRESSIVE;
				CLANG_CXX_LANGUAGE_STANDARD = "gnu++17";
				CLANG_ENABLE_MODULES = YES;
				CLANG_ENABLE_OBJC_ARC = YES;
				CLANG_ENABLE_OBJC_WEAK = YES;
				CLANG_WARN_BLOCK_CAPTURE_AUTORELEASING = YES;
				CLANG_WARN_BOOL_CONVERSION = YES;
				CLANG_WARN_COMMA = YES;
				CLANG_WARN_CONSTANT_CONVERSION = YES;
				CLANG_WARN_DEPRECATED_OBJC_IMPLEMENTATIONS = YES;
				CLANG_WARN_DIRECT_OBJC_ISA_USAGE = YES_ERROR;
				CLANG_WARN_DOCUMENTATION_COMMENTS = YES;
				CLANG_WARN_EMPTY_BODY = YES;
				CLANG_WARN_ENUM_CONVERSION = YES;
				CLANG_WARN_INFINITE_RECURSION = YES;
				CLANG_WARN_INT_CONVERSION = YES;
				CLANG_WARN_NON_LITERAL_NULL_CONVERSION = YES;
				CLANG_WARN_OBJC_IMPLICIT_RETAIN_SELF = YES;
				CLANG_WARN_OBJC_LITERAL_CONVERSION = YES;
				CLANG_WARN_OBJC_ROOT_CLASS = YES_ERROR;
				CLANG_WARN_QUOTED_INCLUDE_IN_FRAMEWORK_HEADER = YES;
				CLANG_WARN_RANGE_LOOP_ANALYSIS = YES;
				CLANG_WARN_STRICT_PROTOTYPES = YES;
				CLANG_WARN_SUSPICIOUS_MOVE = YES;
				CLANG_WARN_UNGUARDED_AVAILABILITY = YES_AGGRESSIVE;
				CLANG_WARN_UNREACHABLE_CODE = YES;
				CLANG_WARN__DUPLICATE_METHOD_MATCH = YES;
				COPY_PHASE_STRIP = NO;
				DEBUG_INFORMATION_FORMAT = dwarf;
				ENABLE_STRICT_OBJC_MSGSEND = YES;
				ENABLE_TESTABILITY = YES;
				GCC_C_LANGUAGE_STANDARD = gnu11;
				GCC_DYNAMIC_NO_PIC = NO;
				GCC_NO_COMMON_BLOCKS = YES;
				GCC_OPTIMIZATION_LEVEL = 0;
				GCC_PREPROCESSOR_DEFINITIONS = (
					"DEBUG=1",
					"$(inherited)",
				);
				GCC_WARN_64_TO_32_BIT_CONVERSION = YES;
				GCC_WARN_ABOUT_RETURN_TYPE = YES_ERROR;
				GCC_WARN_UNDECLARED_SELECTOR = YES;
				GCC_WARN_UNINITIALIZED_AUTOS = YES_AGGRESSIVE;
				GCC_WARN_UNUSED_FUNCTION = YES;
				GCC_WARN_UNUSED_VARIABLE = YES;
				IPHONEOS_DEPLOYMENT_TARGET = 15.4;
				MTL_ENABLE_DEBUG_INFO = INCLUDE_SOURCE;
				MTL_FAST_MATH = YES;
				ONLY_ACTIVE_ARCH = YES;
				SDKROOT = iphoneos;
				SWIFT_ACTIVE_COMPILATION_CONDITIONS = DEBUG;
				SWIFT_OPTIMIZATION_LEVEL = "-Onone";
			};
			name = Debug;
		};
		47FF2D0B28755C8D00437080 /* Release */ = {
			isa = XCBuildConfiguration;
			buildSettings = {
				ALWAYS_SEARCH_USER_PATHS = NO;
				CLANG_ANALYZER_NONNULL = YES;
				CLANG_ANALYZER_NUMBER_OBJECT_CONVERSION = YES_AGGRESSIVE;
				CLANG_CXX_LANGUAGE_STANDARD = "gnu++17";
				CLANG_ENABLE_MODULES = YES;
				CLANG_ENABLE_OBJC_ARC = YES;
				CLANG_ENABLE_OBJC_WEAK = YES;
				CLANG_WARN_BLOCK_CAPTURE_AUTORELEASING = YES;
				CLANG_WARN_BOOL_CONVERSION = YES;
				CLANG_WARN_COMMA = YES;
				CLANG_WARN_CONSTANT_CONVERSION = YES;
				CLANG_WARN_DEPRECATED_OBJC_IMPLEMENTATIONS = YES;
				CLANG_WARN_DIRECT_OBJC_ISA_USAGE = YES_ERROR;
				CLANG_WARN_DOCUMENTATION_COMMENTS = YES;
				CLANG_WARN_EMPTY_BODY = YES;
				CLANG_WARN_ENUM_CONVERSION = YES;
				CLANG_WARN_INFINITE_RECURSION = YES;
				CLANG_WARN_INT_CONVERSION = YES;
				CLANG_WARN_NON_LITERAL_NULL_CONVERSION = YES;
				CLANG_WARN_OBJC_IMPLICIT_RETAIN_SELF = YES;
				CLANG_WARN_OBJC_LITERAL_CONVERSION = YES;
				CLANG_WARN_OBJC_ROOT_CLASS = YES_ERROR;
				CLANG_WARN_QUOTED_INCLUDE_IN_FRAMEWORK_HEADER = YES;
				CLANG_WARN_RANGE_LOOP_ANALYSIS = YES;
				CLANG_WARN_STRICT_PROTOTYPES = YES;
				CLANG_WARN_SUSPICIOUS_MOVE = YES;
				CLANG_WARN_UNGUARDED_AVAILABILITY = YES_AGGRESSIVE;
				CLANG_WARN_UNREACHABLE_CODE = YES;
				CLANG_WARN__DUPLICATE_METHOD_MATCH = YES;
				COPY_PHASE_STRIP = NO;
				DEBUG_INFORMATION_FORMAT = "dwarf-with-dsym";
				ENABLE_NS_ASSERTIONS = NO;
				ENABLE_STRICT_OBJC_MSGSEND = YES;
				GCC_C_LANGUAGE_STANDARD = gnu11;
				GCC_NO_COMMON_BLOCKS = YES;
				GCC_WARN_64_TO_32_BIT_CONVERSION = YES;
				GCC_WARN_ABOUT_RETURN_TYPE = YES_ERROR;
				GCC_WARN_UNDECLARED_SELECTOR = YES;
				GCC_WARN_UNINITIALIZED_AUTOS = YES_AGGRESSIVE;
				GCC_WARN_UNUSED_FUNCTION = YES;
				GCC_WARN_UNUSED_VARIABLE = YES;
				IPHONEOS_DEPLOYMENT_TARGET = 15.4;
				MTL_ENABLE_DEBUG_INFO = NO;
				MTL_FAST_MATH = YES;
				SDKROOT = iphoneos;
				SWIFT_COMPILATION_MODE = wholemodule;
				SWIFT_OPTIMIZATION_LEVEL = "-O";
				VALIDATE_PRODUCT = YES;
			};
			name = Release;
		};
		47FF2D0D28755C8D00437080 /* Debug */ = {
			isa = XCBuildConfiguration;
			baseConfigurationReference = CB3763D8925975D4D844C88F /* Pods-DYSwiftApp.debug.xcconfig */;
			buildSettings = {
				ASSETCATALOG_COMPILER_APPICON_NAME = AppIcon;
				ASSETCATALOG_COMPILER_GLOBAL_ACCENT_COLOR_NAME = AccentColor;
				CODE_SIGN_STYLE = Automatic;
				CURRENT_PROJECT_VERSION = 1;
				DEVELOPMENT_TEAM = 6758SSTNXL;
				GENERATE_INFOPLIST_FILE = YES;
				INFOPLIST_FILE = DYSwiftApp/Info.plist;
				INFOPLIST_KEY_NSUserTrackingUsageDescription = "该标识符将用于向您投放个性化广告";
				INFOPLIST_KEY_UIApplicationSupportsIndirectInputEvents = YES;
				INFOPLIST_KEY_UILaunchStoryboardName = LaunchScreen;
				INFOPLIST_KEY_UIMainStoryboardFile = Main;
				INFOPLIST_KEY_UISupportedInterfaceOrientations_iPad = "UIInterfaceOrientationPortrait UIInterfaceOrientationPortraitUpsideDown UIInterfaceOrientationLandscapeLeft UIInterfaceOrientationLandscapeRight";
				INFOPLIST_KEY_UISupportedInterfaceOrientations_iPhone = "UIInterfaceOrientationPortrait UIInterfaceOrientationLandscapeLeft UIInterfaceOrientationLandscapeRight";
				LD_RUNPATH_SEARCH_PATHS = (
					"$(inherited)",
					"@executable_path/Frameworks",
				);
				MARKETING_VERSION = 1.0;
				PRODUCT_BUNDLE_IDENTIFIER = com.dingyue.test;
				PRODUCT_NAME = "$(TARGET_NAME)";
				SWIFT_EMIT_LOC_STRINGS = YES;
				SWIFT_VERSION = 5.0;
				TARGETED_DEVICE_FAMILY = "1,2";
			};
			name = Debug;
		};
		47FF2D0E28755C8D00437080 /* Release */ = {
			isa = XCBuildConfiguration;
			baseConfigurationReference = 9C4EA7503AE98B82B0D832F1 /* Pods-DYSwiftApp.release.xcconfig */;
			buildSettings = {
				ASSETCATALOG_COMPILER_APPICON_NAME = AppIcon;
				ASSETCATALOG_COMPILER_GLOBAL_ACCENT_COLOR_NAME = AccentColor;
				CODE_SIGN_STYLE = Automatic;
				CURRENT_PROJECT_VERSION = 1;
				DEVELOPMENT_TEAM = 6758SSTNXL;
				GENERATE_INFOPLIST_FILE = YES;
				INFOPLIST_FILE = DYSwiftApp/Info.plist;
				INFOPLIST_KEY_NSUserTrackingUsageDescription = "该标识符将用于向您投放个性化广告";
				INFOPLIST_KEY_UIApplicationSupportsIndirectInputEvents = YES;
				INFOPLIST_KEY_UILaunchStoryboardName = LaunchScreen;
				INFOPLIST_KEY_UIMainStoryboardFile = Main;
				INFOPLIST_KEY_UISupportedInterfaceOrientations_iPad = "UIInterfaceOrientationPortrait UIInterfaceOrientationPortraitUpsideDown UIInterfaceOrientationLandscapeLeft UIInterfaceOrientationLandscapeRight";
				INFOPLIST_KEY_UISupportedInterfaceOrientations_iPhone = "UIInterfaceOrientationPortrait UIInterfaceOrientationLandscapeLeft UIInterfaceOrientationLandscapeRight";
				LD_RUNPATH_SEARCH_PATHS = (
					"$(inherited)",
					"@executable_path/Frameworks",
				);
				MARKETING_VERSION = 1.0;
				PRODUCT_BUNDLE_IDENTIFIER = com.dingyue.test;
				PRODUCT_NAME = "$(TARGET_NAME)";
				SWIFT_EMIT_LOC_STRINGS = YES;
				SWIFT_VERSION = 5.0;
				TARGETED_DEVICE_FAMILY = "1,2";
			};
			name = Release;
		};
/* End XCBuildConfiguration section */

/* Begin XCConfigurationList section */
		47FF2CF328755C8C00437080 /* Build configuration list for PBXProject "DYSwiftApp" */ = {
			isa = XCConfigurationList;
			buildConfigurations = (
				47FF2D0A28755C8D00437080 /* Debug */,
				47FF2D0B28755C8D00437080 /* Release */,
			);
			defaultConfigurationIsVisible = 0;
			defaultConfigurationName = Release;
		};
		47FF2D0C28755C8D00437080 /* Build configuration list for PBXNativeTarget "DYSwiftApp" */ = {
			isa = XCConfigurationList;
			buildConfigurations = (
				47FF2D0D28755C8D00437080 /* Debug */,
				47FF2D0E28755C8D00437080 /* Release */,
			);
			defaultConfigurationIsVisible = 0;
			defaultConfigurationName = Release;
		};
/* End XCConfigurationList section */
	};
	rootObject = 47FF2CF028755C8C00437080 /* Project object */;
}
